
Microsoft Visual Studio Solution File, Format Version 12.00
# Visual Studio Version 17
VisualStudioVersion = 17.8.34330.188
MinimumVisualStudioVersion = 10.0.40219.1
Project("{FAE04EC0-301F-11D3-BF4B-00C04F79EFBC}") = "Factory.Method", "Factory.Method\Factory.Method.csproj", "{4C778CAA-4A21-4E72-850E-9154E041B63E}"
EndProject
Global
	GlobalSection(SolutionConfigurationPlatforms) = preSolution
		Debug|Any CPU = Debug|Any CPU
		Release|Any CPU = Release|Any CPU
	EndGlobalSection
	GlobalSection(ProjectConfigurationPlatforms) = postSolution
		{4C778CAA-4A21-4E72-850E-9154E041B63E}.Debug|Any CPU.ActiveCfg = Debug|Any CPU
		{4C778CAA-4A21-4E72-850E-9154E041B63E}.Debug|Any CPU.Build.0 = Debug|Any CPU
		{4C778CAA-4A21-4E72-850E-9154E041B63E}.Release|Any CPU.ActiveCfg = Release|Any CPU
		{4C778CAA-4A21-4E72-850E-9154E041B63E}.Release|Any CPU.Build.0 = Release|Any CPU
	EndGlobalSection
	GlobalSection(SolutionProperties) = preSolution
		HideSolutionNode = FALSE
	EndGlobalSection
	GlobalSection(ExtensibilityGlobals) = postSolution
		SolutionGuid = {60AFABF9-ADA4-4BCD-934B-1647349F314A}
	EndGlobalSection
EndGlobal
